
Microsoft Visual Studio Solution File, Format Version 12.00
# Visual Studio Version 17
VisualStudioVersion = 17.11.35327.3
MinimumVisualStudioVersion = 10.0.40219.1
Project("{8BC9CEB8-8B4A-11D0-8D11-00A0C91BC942}") = "integrity_control", "integrity_control\integrity_control.vcxproj", "{4DB3104A-304F-4E19-BBC8-55321C755432}"
EndProject
Global
	GlobalSection(SolutionConfigurationPlatforms) = preSolution
		Debug|x64 = Debug|x64
		Debug|x86 = Debug|x86
		Release|x64 = Release|x64
		Release|x86 = Release|x86
	EndGlobalSection
	GlobalSection(ProjectConfigurationPlatforms) = postSolution
		{4DB3104A-304F-4E19-BBC8-55321C755432}.Debug|x64.ActiveCfg = Debug|x64
		{4DB3104A-304F-4E19-BBC8-55321C755432}.Debug|x64.Build.0 = Debug|x64
		{4DB3104A-304F-4E19-BBC8-55321C755432}.Debug|x86.ActiveCfg = Debug|Win32
		{4DB3104A-304F-4E19-BBC8-55321C755432}.Debug|x86.Build.0 = Debug|Win32
		{4DB3104A-304F-4E19-BBC8-55321C755432}.Release|x64.ActiveCfg = Release|x64
		{4DB3104A-304F-4E19-BBC8-55321C755432}.Release|x64.Build.0 = Release|x64
		{4DB3104A-304F-4E19-BBC8-55321C755432}.Release|x86.ActiveCfg = Release|Win32
		{4DB3104A-304F-4E19-BBC8-55321C755432}.Release|x86.Build.0 = Release|Win32
	EndGlobalSection
	GlobalSection(SolutionProperties) = preSolution
		HideSolutionNode = FALSE
	EndGlobalSection
	GlobalSection(ExtensibilityGlobals) = postSolution
		SolutionGuid = {D2B6E57B-E1BC-4AB4-864B-B9A4F3D56609}
	EndGlobalSection
EndGlobal
